
Microsoft Visual Studio Solution File, Format Version 12.00
# Visual Studio 2012
Project("{FAE04EC0-301F-11D3-BF4B-00C04F79EFBC}") = "Metro2033", "Metro2033\Metro2033.csproj", "{343A00E6-263E-4772-882A-E550383231E0}"
EndProject
Project("{FAE04EC0-301F-11D3-BF4B-00C04F79EFBC}") = "Metro2033Server", "Metro2033Server\Metro2033Server.csproj", "{0874287F-D3BE-481B-A42E-BA72518826CF}"
EndProject
Project("{FAE04EC0-301F-11D3-BF4B-00C04F79EFBC}") = "Metro2033Client", "Metro2033Client\Metro2033Client.csproj", "{5C1198D6-C60B-48E8-BABE-8F35AE74D584}"
EndProject
Project("{FAE04EC0-301F-11D3-BF4B-00C04F79EFBC}") = "Metro2033WpfClient", "Metro2033WpfClient\Metro2033WpfClient.csproj", "{51E24CF6-7D2D-4B96-AA30-A5E5F8CB51FE}"
EndProject
Project("{FAE04EC0-301F-11D3-BF4B-00C04F79EFBC}") = "Metro2033WpfServer", "Metro2033WpfServer\Metro2033WpfServer.csproj", "{63C92675-2159-4898-90F6-52DBF4A7276A}"
EndProject
Global
	GlobalSection(SolutionConfigurationPlatforms) = preSolution
		Debug|Any CPU = Debug|Any CPU
		Release|Any CPU = Release|Any CPU
	EndGlobalSection
	GlobalSection(ProjectConfigurationPlatforms) = postSolution
		{343A00E6-263E-4772-882A-E550383231E0}.Debug|Any CPU.ActiveCfg = Debug|Any CPU
		{343A00E6-263E-4772-882A-E550383231E0}.Debug|Any CPU.Build.0 = Debug|Any CPU
		{343A00E6-263E-4772-882A-E550383231E0}.Release|Any CPU.ActiveCfg = Release|Any CPU
		{343A00E6-263E-4772-882A-E550383231E0}.Release|Any CPU.Build.0 = Release|Any CPU
		{0874287F-D3BE-481B-A42E-BA72518826CF}.Debug|Any CPU.ActiveCfg = Debug|Any CPU
		{0874287F-D3BE-481B-A42E-BA72518826CF}.Debug|Any CPU.Build.0 = Debug|Any CPU
		{0874287F-D3BE-481B-A42E-BA72518826CF}.Release|Any CPU.ActiveCfg = Release|Any CPU
		{0874287F-D3BE-481B-A42E-BA72518826CF}.Release|Any CPU.Build.0 = Release|Any CPU
		{5C1198D6-C60B-48E8-BABE-8F35AE74D584}.Debug|Any CPU.ActiveCfg = Debug|Any CPU
		{5C1198D6-C60B-48E8-BABE-8F35AE74D584}.Debug|Any CPU.Build.0 = Debug|Any CPU
		{5C1198D6-C60B-48E8-BABE-8F35AE74D584}.Release|Any CPU.ActiveCfg = Release|Any CPU
		{5C1198D6-C60B-48E8-BABE-8F35AE74D584}.Release|Any CPU.Build.0 = Release|Any CPU
		{51E24CF6-7D2D-4B96-AA30-A5E5F8CB51FE}.Debug|Any CPU.ActiveCfg = Debug|Any CPU
		{51E24CF6-7D2D-4B96-AA30-A5E5F8CB51FE}.Debug|Any CPU.Build.0 = Debug|Any CPU
		{51E24CF6-7D2D-4B96-AA30-A5E5F8CB51FE}.Release|Any CPU.ActiveCfg = Release|Any CPU
		{51E24CF6-7D2D-4B96-AA30-A5E5F8CB51FE}.Release|Any CPU.Build.0 = Release|Any CPU
		{63C92675-2159-4898-90F6-52DBF4A7276A}.Debug|Any CPU.ActiveCfg = Debug|Any CPU
		{63C92675-2159-4898-90F6-52DBF4A7276A}.Debug|Any CPU.Build.0 = Debug|Any CPU
		{63C92675-2159-4898-90F6-52DBF4A7276A}.Release|Any CPU.ActiveCfg = Release|Any CPU
		{63C92675-2159-4898-90F6-52DBF4A7276A}.Release|Any CPU.Build.0 = Release|Any CPU
	EndGlobalSection
	GlobalSection(SolutionProperties) = preSolution
		HideSolutionNode = FALSE
	EndGlobalSection
EndGlobal
